
Microsoft Visual Studio Solution File, Format Version 12.00
Project("{FAE04EC0-301F-11D3-BF4B-00C04F79EFBC}") = "Duplo.UI.CLI", "Duplo.UI.CLI\Duplo.UI.CLI.csproj", "{6490AC52-D944-4D5C-9EDC-53FEDC9E246A}"
EndProject
Project("{FAE04EC0-301F-11D3-BF4B-00C04F79EFBC}") = "Duplo.Core", "Duplo.Core\Duplo.Core.csproj", "{1B31DDFA-D11D-4839-8000-7BF5FFA79557}"
EndProject
Global
	GlobalSection(SolutionConfigurationPlatforms) = preSolution
		Debug|Any CPU = Debug|Any CPU
		Release|Any CPU = Release|Any CPU
	EndGlobalSection
	GlobalSection(ProjectConfigurationPlatforms) = postSolution
		{6490AC52-D944-4D5C-9EDC-53FEDC9E246A}.Debug|Any CPU.ActiveCfg = Debug|Any CPU
		{6490AC52-D944-4D5C-9EDC-53FEDC9E246A}.Debug|Any CPU.Build.0 = Debug|Any CPU
		{6490AC52-D944-4D5C-9EDC-53FEDC9E246A}.Release|Any CPU.ActiveCfg = Release|Any CPU
		{6490AC52-D944-4D5C-9EDC-53FEDC9E246A}.Release|Any CPU.Build.0 = Release|Any CPU
		{1B31DDFA-D11D-4839-8000-7BF5FFA79557}.Debug|Any CPU.ActiveCfg = Debug|Any CPU
		{1B31DDFA-D11D-4839-8000-7BF5FFA79557}.Debug|Any CPU.Build.0 = Debug|Any CPU
		{1B31DDFA-D11D-4839-8000-7BF5FFA79557}.Release|Any CPU.ActiveCfg = Release|Any CPU
		{1B31DDFA-D11D-4839-8000-7BF5FFA79557}.Release|Any CPU.Build.0 = Release|Any CPU
	EndGlobalSection
EndGlobal
